PODS:
  - Alamofire (4.9.1)
  - BCryptSwift (1.1)
  - Moya (13.0.1):
    - Moya/Core (= 13.0.1)
  - Moya/Core (13.0.1):
    - Alamofire (~> 4.1)
    - Result (~> 4.1)
  - Result (4.1.0)
  - SwiftyJSON (5.0.0)

DEPENDENCIES:
  - Alamofire
  - BCryptSwift
  - Moya
  - SwiftyJSON

SPEC REPOS:
  trunk:
    - Alamofire
    - BCryptSwift
    - Moya
    - Result
    - SwiftyJSON

SPEC CHECKSUMS:
  Alamofire: 85e8a02c69d6020a0d734f6054870d7ecb75cf18
  BCryptSwift: f69992ea5685f6714260842c2770688043b89ab2
  Moya: f4a4b80ff2f8a4ffc208dfb31cd91636622fee6e
  Result: bd966fac789cc6c1563440b348ab2598cc24d5c7
  SwiftyJSON: 36413e04c44ee145039d332b4f4e2d3e8d6c4db7

PODFILE CHECKSUM: 2809a3a3a5c5e8940fde1a319df52bdfdc946a83

COCOAPODS: 1.8.4
